Microsoft Visual Studio Solution File, Format Version 12.00
# Visual Studio Version 17
VisualStudioVersion = 17.5.2.0
MinimumVisualStudioVersion = 10.0.40219.1
Project("{FAE04EC0-301F-11D3-BF4B-00C04F79EFBC}") = "gov-connect", "gov-connect.csproj", "{0AD18ADE-F9A2-16B3-EF2D-65DBDC327072}"
EndProject
Global
	GlobalSection(SolutionConfigurationPlatforms) = preSolution
		Debug|Any CPU = Debug|Any CPU
		Release|Any CPU = Release|Any CPU
	EndGlobalSection
	GlobalSection(ProjectConfigurationPlatforms) = postSolution
		{0AD18ADE-F9A2-16B3-EF2D-65DBDC327072}.Debug|Any CPU.ActiveCfg = Debug|Any CPU
		{0AD18ADE-F9A2-16B3-EF2D-65DBDC327072}.Debug|Any CPU.Build.0 = Debug|Any CPU
		{0AD18ADE-F9A2-16B3-EF2D-65DBDC327072}.Release|Any CPU.ActiveCfg = Release|Any CPU
		{0AD18ADE-F9A2-16B3-EF2D-65DBDC327072}.Release|Any CPU.Build.0 = Release|Any CPU
	EndGlobalSection
	GlobalSection(SolutionProperties) = preSolution
		HideSolutionNode = FALSE
	EndGlobalSection
	GlobalSection(ExtensibilityGlobals) = postSolution
		SolutionGuid = {E0E7AD19-F587-4AB7-8181-0649A7433115}
	EndGlobalSection
EndGlobal
